[packages]
  [packages.actionlint]
    version = "1.7.12-2"
    sha256 = "184a926cdc026be006ea1c55ab1c6ca6c4bc315e0e1fa8802e9b939a270b1d1e"
    manifest_digest = "sha256:3da15c339f2170fcfc91385d1ddc1963f2d34072cedcdfe9c3a8a6e633539758"
  [packages.zig]
    version = "0.16.0-1"
    sha256 = "e6407395e6765d81612de3314ebccf1d8d1e75e8bab34eae6ee0bc571c294a26"
